
Microsoft Visual Studio Solution File, Format Version 12.00
# Visual Studio Version 16
VisualStudioVersion = 16.0.29905.134
MinimumVisualStudioVersion = 10.0.40219.1
Project("{FAE04EC0-301F-11D3-BF4B-00C04F79EFBC}") = "DTFSZTIR_bead", "DTFSZTIR_bead\DTFSZTIR_bead.csproj", "{3C51BCA7-AA38-4C78-A595-060823E0CC8D}"
EndProject
Global
	GlobalSection(SolutionConfigurationPlatforms) = preSolution
		Debug|Any CPU = Debug|Any CPU
		Release|Any CPU = Release|Any CPU
	EndGlobalSection
	GlobalSection(ProjectConfigurationPlatforms) = postSolution
		{3C51BCA7-AA38-4C78-A595-060823E0CC8D}.Debug|Any CPU.ActiveCfg = Debug|Any CPU
		{3C51BCA7-AA38-4C78-A595-060823E0CC8D}.Debug|Any CPU.Build.0 = Debug|Any CPU
		{3C51BCA7-AA38-4C78-A595-060823E0CC8D}.Release|Any CPU.ActiveCfg = Release|Any CPU
		{3C51BCA7-AA38-4C78-A595-060823E0CC8D}.Release|Any CPU.Build.0 = Release|Any CPU
	EndGlobalSection
	GlobalSection(SolutionProperties) = preSolution
		HideSolutionNode = FALSE
	EndGlobalSection
	GlobalSection(ExtensibilityGlobals) = postSolution
		SolutionGuid = {B616FA8C-43D7-415C-AA78-07DE7EDCE1E0}
	EndGlobalSection
EndGlobal
